{
  "name": "kohevo-studio-builder-ui",
  "version": "1.0.0",
  "lockfileVersion": 3,
  "requires": true,
  "packages": {
    "": {
      "name": "kohevo-studio-builder-ui",
      "version": "1.0.0",
      "license": "UNLICENSED",
      "dependencies": {
        "@lexical/html": "0.52.0",
        "@lexical/link": "0.52.0",
        "@lexical/list": "0.52.0",
        "@lexical/react": "0.52.0",
        "@lexical/rich-text": "0.52.0",
        "@lexical/utils": "0.52.0",
        "lexical": "0.52.0",
        "react": "19.3.0",
        "react-dom": "19.3.0"
      },
      "devDependencies": {
        "esbuild": "0.28.2"
      }
    },
    "node_modules/@esbuild/aix-ppc64": {
      "version": "0.28.2",
      "resolved": "https://registry.npmjs.org/@esbuild/aix-ppc64/-/aix-ppc64-0.28.2.tgz",
      "integrity": "sha512-XExcO+dvLKvVtNTibSTBej1NCAbaGhWn9Ww1ZPx80qsahhPFe/8jgWP0IchNe0F3HwkU7n8ejhH8bjonqht8mQ==",
      "cpu": [
        "ppc64"
      ],
      "dev": true,
      "license": "MIT",
      "optional": true,
      "os": [
        "aix"
      ],
      "engines": {
        "node": ">=18"
      }
    },
    "node_modules/@esbuild/android-arm": {
      "version": "0.28.2",
      "resolved": "https://registry.npmjs.org/@esbuild/android-arm/-/android-arm-0.28.2.tgz",
      "integrity": "sha512-kXXoiPVVGQcnIYGOeaovwOURpniDBpSq4A03qkQ+BMQqtGG6HYap3xne9C1O1yo4TR3qxlCX5IqqmX6fFo2Lqg==",
      "cpu": [
        "arm"
      ],
      "dev": true,
      "license": "MIT",
      "optional": true,
      "os": [
        "android"
      ],
      "engines": {
        "node": ">=18"
      }
    },
    "node_modules/@esbuild/android-arm64": {
      "version": "0.28.2",
      "resolved": "https://registry.npmjs.org/@esbuild/android-arm64/-/android-arm64-0.28.2.tgz",
      "integrity": "sha512-5YfKeeI8qWfBZIX+u2xZC3Zlb3Os/gLS2sbEKM+I4ZOcsWmHS2WLysCcQZDAFRslDUU5Oiq44gf6PYN1vGwG5A==",
      "cpu": [
        "arm64"
      ],
      "dev": true,
      "license": "MIT",
      "optional": true,
      "os": [
        "android"
      ],
      "engines": {
        "node": ">=18"
      }
    },
    "node_modules/@esbuild/android-x64": {
      "version": "0.28.2",
      "resolved": "https://registry.npmjs.org/@esbuild/android-x64/-/android-x64-0.28.2.tgz",
      "integrity": "sha512-O387ite7SzUyCcy3JQX4P4bLtEA7bLLkx+esve5JHnyYfNTxcVpXZo9jhdB0lTKN44gztELTdU7nS8Nr16Fs1Q==",
      "cpu": [
        "x64"
      ],
      "dev": true,
      "license": "MIT",
      "optional": true,
      "os": [
        "android"
      ],
      "engines": {
        "node": ">=18"
      }
    },
    "node_modules/@esbuild/darwin-arm64": {
      "version": "0.28.2",
      "resolved": "https://registry.npmjs.org/@esbuild/darwin-arm64/-/darwin-arm64-0.28.2.tgz",
      "integrity": "sha512-n4KqkOQrraxHJcgjM1RvwbigfQKIKJVpM7xp+KsxiyUSrRdIXnt73VhrPAx0fV44hgfmIVKjxMN9J1t5jySVkw==",
      "cpu": [
        "arm64"
      ],
      "dev": true,
      "license": "MIT",
      "optional": true,
      "os": [
        "darwin"
      ],
      "engines": {
        "node": ">=18"
      }
    },
    "node_modules/@esbuild/darwin-x64": {
      "version": "0.28.2",
      "resolved": "https://registry.npmjs.org/@esbuild/darwin-x64/-/darwin-x64-0.28.2.tgz",
      "integrity": "sha512-uq6suIWYP37qzGddBKPw5QEQPi6HiLGsO7UmkpfyaYNQ3D+rN6w6WfwH+nuqcGXWvawGwxOEroO4YGnFh95azw==",
      "cpu": [
        "x64"
      ],
      "dev": true,
      "license": "MIT",
      "optional": true,
      "os": [
        "darwin"
      ],
      "engines": {
        "node": ">=18"
      }
    },
    "node_modules/@esbuild/freebsd-arm64": {
      "version": "0.28.2",
      "resolved": "https://registry.npmjs.org/@esbuild/freebsd-arm64/-/freebsd-arm64-0.28.2.tgz",
      "integrity": "sha512-n+I0BTSRIoy+d6RPKnEVwql5UwBJolytvY4mAOIEJorKlqgPII8ix6slVVrfZ5Tnj7glIZvloylbB/EJPMWEXw==",
      "cpu": [
        "arm64"
      ],
      "dev": true,
      "license": "MIT",
      "optional": true,
      "os": [
        "freebsd"
      ],
      "engines": {
        "node": ">=18"
      }
    },
    "node_modules/@esbuild/freebsd-x64": {
      "version": "0.28.2",
      "resolved": "https://registry.npmjs.org/@esbuild/freebsd-x64/-/freebsd-x64-0.28.2.tgz",
      "integrity": "sha512-78XJTJkvPs0kz2w61301PJjXl4g7q3JqiYMZ/M/yVI73EHBrCRTgkhu9oqG7vPqq+a/yadEW8aD+agKlk5xrmg==",
      "cpu": [
        "x64"
      ],
      "dev": true,
      "license": "MIT",
      "optional": true,
      "os": [
        "freebsd"
      ],
      "engines": {
        "node": ">=18"
      }
    },
    "node_modules/@esbuild/linux-arm": {
      "version": "0.28.2",
      "resolved": "https://registry.npmjs.org/@esbuild/linux-arm/-/linux-arm-0.28.2.tgz",
      "integrity": "sha512-XlDnu2q5yoqems+xay6wSAcg9DDD7K9RLKZEBOMZm3ckNpJBvOX20tSfby8KfrrhINDyv9V2YVZKY/SpoGJI8w==",
      "cpu": [
        "arm"
      ],
      "dev": true,
      "license": "MIT",
      "optional": true,
      "os": [
        "linux"
      ],
      "engines": {
        "node": ">=18"
      }
    },
    "node_modules/@esbuild/linux-arm64": {
      "version": "0.28.2",
      "resolved": "https://registry.npmjs.org/@esbuild/linux-arm64/-/linux-arm64-0.28.2.tgz",
      "integrity": "sha512-pW4AC0P3it8c7do9MVM4p51FzHzdM/TZrerurgRcHJ2WTa1VQ1CIq18xncfpBJw4ojkiZZrKW2yIBWBP92j6Ug==",
      "cpu": [
        "arm64"
      ],
      "dev": true,
      "license": "MIT",
      "optional": true,
      "os": [
        "linux"
      ],
      "engines": {
        "node": ">=18"
      }
    },
    "node_modules/@esbuild/linux-ia32": {
      "version": "0.28.2",
      "resolved": "https://registry.npmjs.org/@esbuild/linux-ia32/-/linux-ia32-0.28.2.tgz",
      "integrity": "sha512-CYbnj78HsIeA+DhgUKgFCfvNsTHFhMMrinUrMZpDXJXKN8T3XViTZ/+wtHeVxEWY8ewSzTFN+nRmSwO2tZaLUQ==",
      "cpu": [
        "ia32"
      ],
      "dev": true,
      "license": "MIT",
      "optional": true,
      "os": [
        "linux"
      ],
      "engines": {
        "node": ">=18"
      }
    },
    "node_modules/@esbuild/linux-loong64": {
      "version": "0.28.2",
      "resolved": "https://registry.npmjs.org/@esbuild/linux-loong64/-/linux-loong64-0.28.2.tgz",
      "integrity": "sha512-buwkd8nsph4R+ajRvw0qM5Hja/TXQow3ptzWO2EbG/cqcIkHloRrdlBtQlshyYGTNFvfkfJ5tpPLVkY4DtsPfQ==",
      "cpu": [
        "loong64"
      ],
      "dev": true,
      "license": "MIT",
      "optional": true,
      "os": [
        "linux"
      ],
      "engines": {
        "node": ">=18"
      }
    },
    "node_modules/@esbuild/linux-mips64el": {
      "version": "0.28.2",
      "resolved": "https://registry.npmjs.org/@esbuild/linux-mips64el/-/linux-mips64el-0.28.2.tgz",
      "integrity": "sha512-ZVykbDyk7519VwiNb9Lcj9m8XM6v5V9uKPvrEMkkEedVewf+0itkhahp4HDpgERXhwLRpWFypsGbG/J8s0QjJA==",
      "cpu": [
        "mips64el"
      ],
      "dev": true,
      "license": "MIT",
      "optional": true,
      "os": [
        "linux"
      ],
      "engines": {
        "node": ">=18"
      }
    },
    "node_modules/@esbuild/linux-ppc64": {
      "version": "0.28.2",
      "resolved": "https://registry.npmjs.org/@esbuild/linux-ppc64/-/linux-ppc64-0.28.2.tgz",
      "integrity": "sha512-CAXl+Dtd9UUuJd8pKKdwh6MLm3MUMiqMPmhZ3tTSXPqfyQ3vDl6R5hZdZ/kYojK4ofXtdfSv1tFq8XzWx3heNQ==",
      "cpu": [
        "ppc64"
      ],
      "dev": true,
      "license": "MIT",
      "optional": true,
      "os": [
        "linux"
      ],
      "engines": {
        "node": ">=18"
      }
    },
    "node_modules/@esbuild/linux-riscv64": {
      "version": "0.28.2",
      "resolved": "https://registry.npmjs.org/@esbuild/linux-riscv64/-/linux-riscv64-0.28.2.tgz",
      "integrity": "sha512-GeXCej4IQtU1B+QlDV8W/RRvbzI3O/Stss+/bCXv4lZls5WGRtu2a+3JkA3i4qIUlMXpcHebWpF8AkJhATowuA==",
      "cpu": [
        "riscv64"
      ],
      "dev": true,
      "license": "MIT",
      "optional": true,
      "os": [
        "linux"
      ],
      "engines": {
        "node": ">=18"
      }
    },
    "node_modules/@esbuild/linux-s390x": {
      "version": "0.28.2",
      "resolved": "https://registry.npmjs.org/@esbuild/linux-s390x/-/linux-s390x-0.28.2.tgz",
      "integrity": "sha512-3H1weTYZPxt/WOhByszQZybS9w5lKzUn1FDMsgEChbHWQwHYQQRfBxgCcZvPhjHfKyJjIievvMmEUawJrdY9Dg==",
      "cpu": [
        "s390x"
      ],
      "dev": true,
      "license": "MIT",
      "optional": true,
      "os": [
        "linux"
      ],
      "engines": {
        "node": ">=18"
      }
    },
    "node_modules/@esbuild/linux-x64": {
      "version": "0.28.2",
      "resolved": "https://registry.npmjs.org/@esbuild/linux-x64/-/linux-x64-0.28.2.tgz",
      "integrity": "sha512-4xTZr1FUmSoQW4XIWmit3tzQrUTZM+N3P0XV8xROKYF50XfI7xeO90+1bZvNwxIufQ9hDQVRJH5YhgPVF8A/HQ==",
      "cpu": [
        "x64"
      ],
      "dev": true,
      "license": "MIT",
      "optional": true,
      "os": [
        "linux"
      ],
      "engines": {
        "node": ">=18"
      }
    },
    "node_modules/@esbuild/netbsd-arm64": {
      "version": "0.28.2",
      "resolved": "https://registry.npmjs.org/@esbuild/netbsd-arm64/-/netbsd-arm64-0.28.2.tgz",
      "integrity": "sha512-sSATRjPeDBg3pdgHoQfoYBob11Kk1FGa9lui5RIHZCoCkJa9QKlvl3/vKz2usCmYYjs7ymJR/2Nnsqe+Hjt5nw==",
      "cpu": [
        "arm64"
      ],
      "dev": true,
      "license": "MIT",
      "optional": true,
      "os": [
        "netbsd"
      ],
      "engines": {
        "node": ">=18"
      }
    },
    "node_modules/@esbuild/netbsd-x64": {
      "version": "0.28.2",
      "resolved": "https://registry.npmjs.org/@esbuild/netbsd-x64/-/netbsd-x64-0.28.2.tgz",
      "integrity": "sha512-lqnzCV+mM0gIADaKihiCg6ifgfU2L3h5E33rNQBN1Y4MaVGnzryzmvvf7UHxprpQdE8hpqLolJ9Rl+SkIRDpyw==",
      "cpu": [
        "x64"
      ],
      "dev": true,
      "license": "MIT",
      "optional": true,
      "os": [
        "netbsd"
      ],
      "engines": {
        "node": ">=18"
      }
    },
    "node_modules/@esbuild/openbsd-arm64": {
      "version": "0.28.2",
      "resolved": "https://registry.npmjs.org/@esbuild/openbsd-arm64/-/openbsd-arm64-0.28.2.tgz",
      "integrity": "sha512-AL2qJILH7lNjrDmCQDvdxMfAUIv8KMNZOvrwAQ8i8//ntL9FflhOyMJ8OZSMBb8/AWXe3/5v5S20y3zCoZWKoQ==",
      "cpu": [
        "arm64"
      ],
      "dev": true,
      "license": "MIT",
      "optional": true,
      "os": [
        "openbsd"
      ],
      "engines": {
        "node": ">=18"
      }
    },
    "node_modules/@esbuild/openbsd-x64": {
      "version": "0.28.2",
      "resolved": "https://registry.npmjs.org/@esbuild/openbsd-x64/-/openbsd-x64-0.28.2.tgz",
      "integrity": "sha512-QtiuPytchRyC4rwUKhexJdQKvDuZ6hWloi3igqPQNUJCS1/v9EiO3UTOXR6A3FoMo4fnAKbWJdqaIwhOzh8qEw==",
      "cpu": [
        "x64"
      ],
      "dev": true,
      "license": "MIT",
      "optional": true,
      "os": [
        "openbsd"
      ],
      "engines": {
        "node": ">=18"
      }
    },
    "node_modules/@esbuild/openharmony-arm64": {
      "version": "0.28.2",
      "resolved": "https://registry.npmjs.org/@esbuild/openharmony-arm64/-/openharmony-arm64-0.28.2.tgz",
      "integrity": "sha512-WkhYDmpTjLvGlScA1rwjRUmhl4k8oXR3cIbtqWmELgU/dFeHHlEllxDvdWcNJV9rbzCexB5vz8gtNewWLgCT7Q==",
      "cpu": [
        "arm64"
      ],
      "dev": true,
      "license": "MIT",
      "optional": true,
      "os": [
        "openharmony"
      ],
      "engines": {
        "node": ">=18"
      }
    },
    "node_modules/@esbuild/sunos-x64": {
      "version": "0.28.2",
      "resolved": "https://registry.npmjs.org/@esbuild/sunos-x64/-/sunos-x64-0.28.2.tgz",
      "integrity": "sha512-GPMSkTOtMnv2U2F8gxe4Io6qmVs+YKyp832Etqqxr0hFngmXQ3rzwytelm3GIn7T4VviRUlf3sOgBOiTdvaf7g==",
      "cpu": [
        "x64"
      ],
      "dev": true,
      "license": "MIT",
      "optional": true,
      "os": [
        "sunos"
      ],
      "engines": {
        "node": ">=18"
      }
    },
    "node_modules/@esbuild/win32-arm64": {
      "version": "0.28.2",
      "resolved": "https://registry.npmjs.org/@esbuild/win32-arm64/-/win32-arm64-0.28.2.tgz",
      "integrity": "sha512-PIhhEkE9uPBleRBrQEJpUn7MBnibZzbGzYWPmY3x+YoVg/95zbjB4CxPPOQ8l5tYYM4mMaCthF8/1DIfBQQyWQ==",
      "cpu": [
        "arm64"
      ],
      "dev": true,
      "license": "MIT",
      "optional": true,
      "os": [
        "win32"
      ],
      "engines": {
        "node": ">=18"
      }
    },
    "node_modules/@esbuild/win32-ia32": {
      "version": "0.28.2",
      "resolved": "https://registry.npmjs.org/@esbuild/win32-ia32/-/win32-ia32-0.28.2.tgz",
      "integrity": "sha512-YmJbfTlvU7Sdn9BB+4PRES4oB6pxgS37MAONj+hBr/cpXS1aBPKXxNnDbu+QCWPj0o9dgyxeq79g6c5P8KeuYA==",
      "cpu": [
        "ia32"
      ],
      "dev": true,
      "license": "MIT",
      "optional": true,
      "os": [
        "win32"
      ],
      "engines": {
        "node": ">=18"
      }
    },
    "node_modules/@esbuild/win32-x64": {
      "version": "0.28.2",
      "resolved": "https://registry.npmjs.org/@esbuild/win32-x64/-/win32-x64-0.28.2.tgz",
      "integrity": "sha512-5ebpxr3nWMzrL/rnUI755Jkuee0bHL/Gq0WTF9lvcpv73wAp5eu8MfBUgWK9bhWvZjj7yX8etf/8tI8Ney695g==",
      "cpu": [
        "x64"
      ],
      "dev": true,
      "license": "MIT",
      "optional": true,
      "os": [
        "win32"
      ],
      "engines": {
        "node": ">=18"
      }
    },
    "node_modules/@floating-ui/core": {
      "version": "1.8.0",
      "resolved": "https://registry.npmjs.org/@floating-ui/core/-/core-1.8.0.tgz",
      "integrity": "sha512-0CIZ5itps/8x7BG8dEIhs53BvCUH2PCoogtakwRTut+Arm58sJooJ0AuZhLw2HJYIR5cMLNPBSS728sPho2khQ==",
      "license": "MIT",
      "dependencies": {
        "@floating-ui/utils": "^0.2.12"
      }
    },
    "node_modules/@floating-ui/dom": {
      "version": "1.8.0",
      "resolved": "https://registry.npmjs.org/@floating-ui/dom/-/dom-1.8.0.tgz",
      "integrity": "sha512-yXSrzeHZBTZadLOlfyhCkJHNeLJnHRnRInwdZ40L7ZiaAtrBwoYlsDrX3v5zB1Utk7CLfzcOVnVVWoXEky7Ceg==",
      "license": "MIT",
      "dependencies": {
        "@floating-ui/core": "^1.8.0",
        "@floating-ui/utils": "^0.2.12"
      }
    },
    "node_modules/@floating-ui/react": {
      "version": "0.27.20",
      "resolved": "https://registry.npmjs.org/@floating-ui/react/-/react-0.27.20.tgz",
      "integrity": "sha512-CMqMy7OaXl9W0eq1Uy7L7i2Y/anPvHmFmESd2CEw0t5YvZhcVCeo4MBevAmswRllX7Y2dEidA4ozGPunLSTQpw==",
      "license": "MIT",
      "dependencies": {
        "@floating-ui/react-dom": "^2.1.9",
        "@floating-ui/utils": "^0.2.12",
        "tabbable": "^6.0.0"
      },
      "peerDependencies": {
        "react": ">=17.0.0",
        "react-dom": ">=17.0.0"
      }
    },
    "node_modules/@floating-ui/react-dom": {
      "version": "2.1.9",
      "resolved": "https://registry.npmjs.org/@floating-ui/react-dom/-/react-dom-2.1.9.tgz",
      "integrity": "sha512-JDjEFGCpImxDCA7JJKviA0M9+RtmJdj0m/NVU5IMgBK+AmZouAQQ7/+2GLH0GXXY0YMw9oXPB8hKdbPYg5QLYg==",
      "license": "MIT",
      "dependencies": {
        "@floating-ui/dom": "^1.8.0"
      },
      "peerDependencies": {
        "react": ">=16.8.0",
        "react-dom": ">=16.8.0"
      }
    },
    "node_modules/@floating-ui/utils": {
      "version": "0.2.12",
      "resolved": "https://registry.npmjs.org/@floating-ui/utils/-/utils-0.2.12.tgz",
      "integrity": "sha512-HpCo8tmWzLVad5s2d19EhAz5zqrrQ6s69qd6moPMQvkOuSwDT1YgRfWSVuc4ennqrgv3OHppiOGMQ7oC13yIww==",
      "license": "MIT"
    },
    "node_modules/@lexical/a11y": {
      "version": "0.52.0",
      "resolved": "https://registry.npmjs.org/@lexical/a11y/-/a11y-0.52.0.tgz",
      "integrity": "sha512-FxcKnksrgeoPDxQgwHqTz81Tbv7vZnP2i09m7uU+zusNRt4g1dgbwSEq4Uee9yfLJ9qxM5P9YOGQTe0A6lAuAg==",
      "license": "MIT",
      "dependencies": {
        "@lexical/extension": "0.52.0",
        "@lexical/utils": "0.52.0",
        "lexical": "0.52.0"
      },
      "peerDependencies": {
        "typescript": ">=5.2"
      },
      "peerDependenciesMeta": {
        "typescript": {
          "optional": true
        }
      }
    },
    "node_modules/@lexical/clipboard": {
      "version": "0.52.0",
      "resolved": "https://registry.npmjs.org/@lexical/clipboard/-/clipboard-0.52.0.tgz",
      "integrity": "sha512-SwUpKUEzTfl3dZlCXkYZN4CAU6AENzzuO3AtWCgbdtxG1HBnyUtMd6MP1XFUtYh0fhMGXw+QObzp+3+h0g3WTw==",
      "license": "MIT",
      "dependencies": {
        "@lexical/extension": "0.52.0",
        "@lexical/html": "0.52.0",
        "@lexical/internal": "0.52.0",
        "@lexical/list": "0.52.0",
        "@lexical/selection": "0.52.0",
        "@lexical/utils": "0.52.0",
        "@types/trusted-types": "^2.0.7",
        "lexical": "0.52.0"
      },
      "peerDependencies": {
        "typescript": ">=5.2"
      },
      "peerDependenciesMeta": {
        "typescript": {
          "optional": true
        }
      }
    },
    "node_modules/@lexical/code-core": {
      "version": "0.52.0",
      "resolved": "https://registry.npmjs.org/@lexical/code-core/-/code-core-0.52.0.tgz",
      "integrity": "sha512-4ofNvUXEal2tm6DLGHtjJUc7C1qQP2RHUO4v/RHSSdWEHLKM1kITgIUUvWkf6FHnQNrTvrL2U5vxACv2bo0HVQ==",
      "license": "MIT",
      "dependencies": {
        "@lexical/extension": "0.52.0",
        "@lexical/html": "0.52.0",
        "@lexical/internal": "0.52.0",
        "@lexical/utils": "0.52.0",
        "lexical": "0.52.0"
      },
      "peerDependencies": {
        "typescript": ">=5.2"
      },
      "peerDependenciesMeta": {
        "typescript": {
          "optional": true
        }
      }
    },
    "node_modules/@lexical/devtools-core": {
      "version": "0.52.0",
      "resolved": "https://registry.npmjs.org/@lexical/devtools-core/-/devtools-core-0.52.0.tgz",
      "integrity": "sha512-WWnyAMiktdb7hIynOcOVyk2N19Q52kacLHJBnnGrJqR9tlhnAmH3DILfZ9BrCmetvKF1bbnJI6YE2wwxMi2bbQ==",
      "license": "MIT",
      "dependencies": {
        "@lexical/html": "0.52.0",
        "@lexical/link": "0.52.0",
        "@lexical/mark": "0.52.0",
        "@lexical/table": "0.52.0",
        "@lexical/utils": "0.52.0",
        "lexical": "0.52.0"
      },
      "peerDependencies": {
        "react": ">=18.x",
        "react-dom": ">=18.x",
        "typescript": ">=5.2"
      },
      "peerDependenciesMeta": {
        "typescript": {
          "optional": true
        }
      }
    },
    "node_modules/@lexical/dragon": {
      "version": "0.52.0",
      "resolved": "https://registry.npmjs.org/@lexical/dragon/-/dragon-0.52.0.tgz",
      "integrity": "sha512-XiNrujvAoywb41GRaRYFhPc/T7jxkFMf/bR9uE8S2t4fMERUFF1xM7Mos6NQ+skdDrF3KfxnLFzLCZ+4Oc9VyA==",
      "license": "MIT",
      "dependencies": {
        "@lexical/extension": "0.52.0",
        "lexical": "0.52.0"
      },
      "peerDependencies": {
        "typescript": ">=5.2"
      },
      "peerDependenciesMeta": {
        "typescript": {
          "optional": true
        }
      }
    },
    "node_modules/@lexical/extension": {
      "version": "0.52.0",
      "resolved": "https://registry.npmjs.org/@lexical/extension/-/extension-0.52.0.tgz",
      "integrity": "sha512-do7uvUxg6mJK0702XlD0Z8UMCtr1Yij4/WpJ7+GY5CL2jKVercMeeYBBEE7cWc/OXQJgzVx3ClNXC7XAHI6Fvw==",
      "license": "MIT",
      "dependencies": {
        "@lexical/internal": "0.52.0",
        "@lexical/utils": "0.52.0",
        "@preact/signals-core": "^1.14.4",
        "lexical": "0.52.0"
      },
      "peerDependencies": {
        "typescript": ">=5.2"
      },
      "peerDependenciesMeta": {
        "typescript": {
          "optional": true
        }
      }
    },
    "node_modules/@lexical/hashtag": {
      "version": "0.52.0",
      "resolved": "https://registry.npmjs.org/@lexical/hashtag/-/hashtag-0.52.0.tgz",
      "integrity": "sha512-y0d7fLhIItJHGdw+bulvzXBNrb0wkppvDkR9jqAp8w0s53zlRLn4egucLkSEWqd0kSAN3jjmSoxcWeC4sF6I0A==",
      "license": "MIT",
      "dependencies": {
        "@lexical/text": "0.52.0",
        "@lexical/utils": "0.52.0",
        "lexical": "0.52.0"
      },
      "peerDependencies": {
        "typescript": ">=5.2"
      },
      "peerDependenciesMeta": {
        "typescript": {
          "optional": true
        }
      }
    },
    "node_modules/@lexical/history": {
      "version": "0.52.0",
      "resolved": "https://registry.npmjs.org/@lexical/history/-/history-0.52.0.tgz",
      "integrity": "sha512-UJWmTcru+4KWkk8YtBSQ4dNLYuOJVCyCMFGsaCp/jVJEobwdY//jCTj9idOfE4b3H39kAixe9yQG/FNNOj4ujg==",
      "license": "MIT",
      "dependencies": {
        "@lexical/extension": "0.52.0",
        "@lexical/utils": "0.52.0",
        "lexical": "0.52.0"
      },
      "peerDependencies": {
        "typescript": ">=5.2"
      },
      "peerDependenciesMeta": {
        "typescript": {
          "optional": true
        }
      }
    },
    "node_modules/@lexical/html": {
      "version": "0.52.0",
      "resolved": "https://registry.npmjs.org/@lexical/html/-/html-0.52.0.tgz",
      "integrity": "sha512-lRyntwgHnISsUKZHh3T+g9qU1CwTOH5hlnc1UzWE7/RXrvtnSmJTTcJu+sfFdRCiBAlkiIhKuJBCCYu99LeI7Q==",
      "license": "MIT",
      "dependencies": {
        "@lexical/extension": "0.52.0",
        "@lexical/internal": "0.52.0",
        "@lexical/selection": "0.52.0",
        "@lexical/utils": "0.52.0",
        "lexical": "0.52.0"
      },
      "peerDependencies": {
        "typescript": ">=5.2"
      },
      "peerDependenciesMeta": {
        "typescript": {
          "optional": true
        }
      }
    },
    "node_modules/@lexical/internal": {
      "version": "0.52.0",
      "resolved": "https://registry.npmjs.org/@lexical/internal/-/internal-0.52.0.tgz",
      "integrity": "sha512-Y7jKqeh4Irf/FwNmAqHIk3b05HpMsHv2RyWPQ8+M7FAdEbT9N2mksjc8ZUZ3tHqDMi7FNiLkjZN/DwbdekUb1g==",
      "license": "MIT",
      "peerDependencies": {
        "typescript": ">=5.2"
      },
      "peerDependenciesMeta": {
        "typescript": {
          "optional": true
        }
      }
    },
    "node_modules/@lexical/link": {
      "version": "0.52.0",
      "resolved": "https://registry.npmjs.org/@lexical/link/-/link-0.52.0.tgz",
      "integrity": "sha512-9hl/SxbkK5P0q1Rn4rTnaLHetTnf4zb+zgJjQwHAkqmeS561gLq34RcoO2i1zhibe8b6xk8gyhIe2cOpPeAC7w==",
      "license": "MIT",
      "dependencies": {
        "@lexical/a11y": "0.52.0",
        "@lexical/extension": "0.52.0",
        "@lexical/html": "0.52.0",
        "@lexical/internal": "0.52.0",
        "@lexical/utils": "0.52.0",
        "lexical": "0.52.0"
      },
      "peerDependencies": {
        "typescript": ">=5.2"
      },
      "peerDependenciesMeta": {
        "typescript": {
          "optional": true
        }
      }
    },
    "node_modules/@lexical/list": {
      "version": "0.52.0",
      "resolved": "https://registry.npmjs.org/@lexical/list/-/list-0.52.0.tgz",
      "integrity": "sha512-B3+CdxWsdj6jBKtXiY7v4OSkyXBwotWyiD+75Baw0lvmjvniV33mvuMDgnPEQgEpFcGpBRmiu8M8kQdclQzXmQ==",
      "license": "MIT",
      "dependencies": {
        "@lexical/extension": "0.52.0",
        "@lexical/html": "0.52.0",
        "@lexical/internal": "0.52.0",
        "@lexical/utils": "0.52.0",
        "lexical": "0.52.0"
      },
      "peerDependencies": {
        "typescript": ">=5.2"
      },
      "peerDependenciesMeta": {
        "typescript": {
          "optional": true
        }
      }
    },
    "node_modules/@lexical/mark": {
      "version": "0.52.0",
      "resolved": "https://registry.npmjs.org/@lexical/mark/-/mark-0.52.0.tgz",
      "integrity": "sha512-nBPNmqKDFZm4REih0nsFbYcecSokXLnDNoZ+CeNOO53OYMljUnnj3gBhoaLdzwlpypqi6yGkGPJUEAtJE7fTyg==",
      "license": "MIT",
      "dependencies": {
        "@lexical/utils": "0.52.0",
        "lexical": "0.52.0"
      },
      "peerDependencies": {
        "typescript": ">=5.2"
      },
      "peerDependenciesMeta": {
        "typescript": {
          "optional": true
        }
      }
    },
    "node_modules/@lexical/markdown": {
      "version": "0.52.0",
      "resolved": "https://registry.npmjs.org/@lexical/markdown/-/markdown-0.52.0.tgz",
      "integrity": "sha512-ntNi3SdjfcWoH7wi/D6rlO2Hw8MjDRkxuObAAQwJKLzJPvohNPKuzDoqM47uXNSs0XCS/HupI4mWShyrEZkDtA==",
      "license": "MIT",
      "dependencies": {
        "@lexical/code-core": "0.52.0",
        "@lexical/internal": "0.52.0",
        "@lexical/link": "0.52.0",
        "@lexical/list": "0.52.0",
        "@lexical/rich-text": "0.52.0",
        "@lexical/selection": "0.52.0",
        "@lexical/text": "0.52.0",
        "@lexical/utils": "0.52.0",
        "lexical": "0.52.0"
      },
      "peerDependencies": {
        "typescript": ">=5.2"
      },
      "peerDependenciesMeta": {
        "typescript": {
          "optional": true
        }
      }
    },
    "node_modules/@lexical/overflow": {
      "version": "0.52.0",
      "resolved": "https://registry.npmjs.org/@lexical/overflow/-/overflow-0.52.0.tgz",
      "integrity": "sha512-GFtXJze8Ypsy271ZxhNrGI0wlbG5fbJcW9dgj1XiWhXVYtPajRaBYyu20kVG7LBkQwngS5B97wO/hKfHtVGDqQ==",
      "license": "MIT",
      "dependencies": {
        "lexical": "0.52.0"
      },
      "peerDependencies": {
        "typescript": ">=5.2"
      },
      "peerDependenciesMeta": {
        "typescript": {
          "optional": true
        }
      }
    },
    "node_modules/@lexical/plain-text": {
      "version": "0.52.0",
      "resolved": "https://registry.npmjs.org/@lexical/plain-text/-/plain-text-0.52.0.tgz",
      "integrity": "sha512-jklUI77tbzDhKEOHhoUCUS3SqMvzZjJ7NNeqsMfvKT8sLWbtKvrPJBJWnfcGu5ADxp7xrOYE9j66uSHkROG2gg==",
      "license": "MIT",
      "dependencies": {
        "@lexical/clipboard": "0.52.0",
        "@lexical/dragon": "0.52.0",
        "@lexical/extension": "0.52.0",
        "@lexical/selection": "0.52.0",
        "@lexical/utils": "0.52.0",
        "lexical": "0.52.0"
      },
      "peerDependencies": {
        "typescript": ">=5.2"
      },
      "peerDependenciesMeta": {
        "typescript": {
          "optional": true
        }
      }
    },
    "node_modules/@lexical/react": {
      "version": "0.52.0",
      "resolved": "https://registry.npmjs.org/@lexical/react/-/react-0.52.0.tgz",
      "integrity": "sha512-CbwYw0Dtm13QE5yFjlfXcOiiSkESAyreTzuQxanvwdFeQrRrM4llbOawjvXGuisdz8mPT8RcCKnVBQdoNs9DnA==",
      "license": "MIT",
      "dependencies": {
        "@floating-ui/react": "^0.27.19",
        "@lexical/a11y": "0.52.0",
        "@lexical/devtools-core": "0.52.0",
        "@lexical/dragon": "0.52.0",
        "@lexical/extension": "0.52.0",
        "@lexical/hashtag": "0.52.0",
        "@lexical/history": "0.52.0",
        "@lexical/internal": "0.52.0",
        "@lexical/link": "0.52.0",
        "@lexical/list": "0.52.0",
        "@lexical/mark": "0.52.0",
        "@lexical/markdown": "0.52.0",
        "@lexical/overflow": "0.52.0",
        "@lexical/plain-text": "0.52.0",
        "@lexical/rich-text": "0.52.0",
        "@lexical/table": "0.52.0",
        "@lexical/text": "0.52.0",
        "@lexical/utils": "0.52.0",
        "@lexical/yjs": "0.52.0",
        "lexical": "0.52.0"
      },
      "peerDependencies": {
        "react": ">=18.x",
        "react-dom": ">=18.x",
        "typescript": ">=5.2",
        "yjs": ">=13.5.37"
      },
      "peerDependenciesMeta": {
        "typescript": {
          "optional": true
        },
        "yjs": {
          "optional": true
        }
      }
    },
    "node_modules/@lexical/rich-text": {
      "version": "0.52.0",
      "resolved": "https://registry.npmjs.org/@lexical/rich-text/-/rich-text-0.52.0.tgz",
      "integrity": "sha512-P3Y4SM6JSCBG6uFwLpPVEZiShhfC/GCJA//lQU1ZljxPDnCb4ueVCfWSBBdw0nSejYg8KvDQsijc4Fczyjqqtw==",
      "license": "MIT",
      "dependencies": {
        "@lexical/a11y": "0.52.0",
        "@lexical/clipboard": "0.52.0",
        "@lexical/dragon": "0.52.0",
        "@lexical/extension": "0.52.0",
        "@lexical/html": "0.52.0",
        "@lexical/selection": "0.52.0",
        "@lexical/utils": "0.52.0",
        "lexical": "0.52.0"
      },
      "peerDependencies": {
        "typescript": ">=5.2"
      },
      "peerDependenciesMeta": {
        "typescript": {
          "optional": true
        }
      }
    },
    "node_modules/@lexical/selection": {
      "version": "0.52.0",
      "resolved": "https://registry.npmjs.org/@lexical/selection/-/selection-0.52.0.tgz",
      "integrity": "sha512-O1hgwqUvoF/R2DxXIOJJvCqXxNM7kOWq1TBxqnbjT4TXNlDokEdpkO5EpetAWYWZj5UE2BUphfGUZAPQjvcUKQ==",
      "license": "MIT",
      "dependencies": {
        "@lexical/internal": "0.52.0",
        "lexical": "0.52.0"
      },
      "peerDependencies": {
        "typescript": ">=5.2"
      },
      "peerDependenciesMeta": {
        "typescript": {
          "optional": true
        }
      }
    },
    "node_modules/@lexical/table": {
      "version": "0.52.0",
      "resolved": "https://registry.npmjs.org/@lexical/table/-/table-0.52.0.tgz",
      "integrity": "sha512-zuVGmY37jUqGMT/7pFMPiLOKUD755SJR+yHZ3Jz7P4pdBI/sXHvbM8O7QDXMpDRFZwLQi1iBvgOj0Yv9FrTxQw==",
      "license": "MIT",
      "dependencies": {
        "@lexical/clipboard": "0.52.0",
        "@lexical/extension": "0.52.0",
        "@lexical/html": "0.52.0",
        "@lexical/internal": "0.52.0",
        "@lexical/utils": "0.52.0",
        "lexical": "0.52.0"
      },
      "peerDependencies": {
        "typescript": ">=5.2"
      },
      "peerDependenciesMeta": {
        "typescript": {
          "optional": true
        }
      }
    },
    "node_modules/@lexical/text": {
      "version": "0.52.0",
      "resolved": "https://registry.npmjs.org/@lexical/text/-/text-0.52.0.tgz",
      "integrity": "sha512-TuXd6a4MO18rQwU0Bl8VHNzWGD4o5pHnf3NKXwTRynImpeMJ8BGumVC6r27cGbh0kgBkvmX8Sb4EEbBQC9BYnQ==",
      "license": "MIT",
      "dependencies": {
        "@lexical/internal": "0.52.0",
        "lexical": "0.52.0"
      },
      "peerDependencies": {
        "typescript": ">=5.2"
      },
      "peerDependenciesMeta": {
        "typescript": {
          "optional": true
        }
      }
    },
    "node_modules/@lexical/utils": {
      "version": "0.52.0",
      "resolved": "https://registry.npmjs.org/@lexical/utils/-/utils-0.52.0.tgz",
      "integrity": "sha512-3Azoh0EQckRcMd6CGOAuKue/UHDvkorrheXZFu9KpxhCBNQy+ic55jl0WQZFTOv2iO3NWReAMSuOAK0pWR2JPg==",
      "license": "MIT",
      "dependencies": {
        "@lexical/internal": "0.52.0",
        "@lexical/selection": "0.52.0",
        "lexical": "0.52.0"
      },
      "peerDependencies": {
        "typescript": ">=5.2"
      },
      "peerDependenciesMeta": {
        "typescript": {
          "optional": true
        }
      }
    },
    "node_modules/@lexical/yjs": {
      "version": "0.52.0",
      "resolved": "https://registry.npmjs.org/@lexical/yjs/-/yjs-0.52.0.tgz",
      "integrity": "sha512-6Qd9/AkMDxDNalsXDs1X7ddLTw2OsqUy42RRvpIWlv0ya1MO4CNedl4NvgwMtYzxtLzOkq0prtspCPvkirYkmA==",
      "license": "MIT",
      "dependencies": {
        "@lexical/internal": "0.52.0",
        "@lexical/selection": "0.52.0",
        "lexical": "0.52.0"
      },
      "peerDependencies": {
        "typescript": ">=5.2",
        "yjs": ">=13.5.37"
      },
      "peerDependenciesMeta": {
        "typescript": {
          "optional": true
        }
      }
    },
    "node_modules/@preact/signals-core": {
      "version": "1.14.4",
      "resolved": "https://registry.npmjs.org/@preact/signals-core/-/signals-core-1.14.4.tgz",
      "integrity": "sha512-HNB6HYeYKhQbJ1aKl+YRjrS4+QWHLKX6qKoUsfS/m0vqzsVaEBiZiaKbG/e+NKk2ch5ALQr/ihWaMHxiCuuWHA==",
      "license": "MIT",
      "funding": {
        "type": "opencollective",
        "url": "https://opencollective.com/preact"
      }
    },
    "node_modules/@types/trusted-types": {
      "version": "2.0.7",
      "resolved": "https://registry.npmjs.org/@types/trusted-types/-/trusted-types-2.0.7.tgz",
      "integrity": "sha512-ScaPdn1dQczgbl0QFTeTOmVHFULt394XJgOQNoyVhZ6r2vLnMLJfBPd53SB52T/3G36VI1/g2MZaX0cwDuXsfw==",
      "license": "MIT"
    },
    "node_modules/esbuild": {
      "version": "0.28.2",
      "resolved": "https://registry.npmjs.org/esbuild/-/esbuild-0.28.2.tgz",
      "integrity": "sha512-HKVLS8dvII+xoKW9kmqxbRKrnWEXfJJr/FZhhJmiqIB0e053QNYFqOBouTMO/k5sID4MvCiUCvv8b9M4h32wIA==",
      "dev": true,
      "hasInstallScript": true,
      "license": "MIT",
      "bin": {
        "esbuild": "bin/esbuild"
      },
      "engines": {
        "node": ">=18"
      },
      "optionalDependencies": {
        "@esbuild/aix-ppc64": "0.28.2",
        "@esbuild/android-arm": "0.28.2",
        "@esbuild/android-arm64": "0.28.2",
        "@esbuild/android-x64": "0.28.2",
        "@esbuild/darwin-arm64": "0.28.2",
        "@esbuild/darwin-x64": "0.28.2",
        "@esbuild/freebsd-arm64": "0.28.2",
        "@esbuild/freebsd-x64": "0.28.2",
        "@esbuild/linux-arm": "0.28.2",
        "@esbuild/linux-arm64": "0.28.2",
        "@esbuild/linux-ia32": "0.28.2",
        "@esbuild/linux-loong64": "0.28.2",
        "@esbuild/linux-mips64el": "0.28.2",
        "@esbuild/linux-ppc64": "0.28.2",
        "@esbuild/linux-riscv64": "0.28.2",
        "@esbuild/linux-s390x": "0.28.2",
        "@esbuild/linux-x64": "0.28.2",
        "@esbuild/netbsd-arm64": "0.28.2",
        "@esbuild/netbsd-x64": "0.28.2",
        "@esbuild/openbsd-arm64": "0.28.2",
        "@esbuild/openbsd-x64": "0.28.2",
        "@esbuild/openharmony-arm64": "0.28.2",
        "@esbuild/sunos-x64": "0.28.2",
        "@esbuild/win32-arm64": "0.28.2",
        "@esbuild/win32-ia32": "0.28.2",
        "@esbuild/win32-x64": "0.28.2"
      }
    },
    "node_modules/isomorphic.js": {
      "version": "0.2.5",
      "resolved": "https://registry.npmjs.org/isomorphic.js/-/isomorphic.js-0.2.5.tgz",
      "integrity": "sha512-PIeMbHqMt4DnUP3MA/Flc0HElYjMXArsw1qwJZcm9sqR8mq3l8NYizFMty0pWwE/tzIGH3EKK5+jes5mAr85yw==",
      "license": "MIT",
      "peer": true,
      "funding": {
        "type": "GitHub Sponsors ❤",
        "url": "https://github.com/sponsors/dmonad"
      }
    },
    "node_modules/lexical": {
      "version": "0.52.0",
      "resolved": "https://registry.npmjs.org/lexical/-/lexical-0.52.0.tgz",
      "integrity": "sha512-mePejqwCDaW0GR89IoofJTTlk/EiwwlGhbs1D8qOx/Iw6ieG5D3nh7PSPLv0Csia0UC58HpuV91DilJjqeAWSw==",
      "license": "MIT",
      "dependencies": {
        "@lexical/internal": "0.52.0"
      },
      "peerDependencies": {
        "typescript": ">=5.2"
      },
      "peerDependenciesMeta": {
        "typescript": {
          "optional": true
        }
      }
    },
    "node_modules/lib0": {
      "version": "0.2.119",
      "resolved": "https://registry.npmjs.org/lib0/-/lib0-0.2.119.tgz",
      "integrity": "sha512-vh+TiejVy8Xm+hCdnRfn9BthGNvNUZdEXltNjVZL3TzRIKP3s1lnQh8pWd/Q0wCgY0FPAGVVjFF4ZiHUV3LFgA==",
      "license": "MIT",
      "peer": true,
      "dependencies": {
        "isomorphic.js": "^0.2.4"
      },
      "bin": {
        "0ecdsa-generate-keypair": "bin/0ecdsa-generate-keypair.js",
        "0gentesthtml": "bin/gentesthtml.js",
        "0serve": "bin/0serve.js"
      },
      "engines": {
        "node": ">=16"
      },
      "funding": {
        "type": "GitHub Sponsors ❤",
        "url": "https://github.com/sponsors/dmonad"
      }
    },
    "node_modules/react": {
      "version": "19.3.0",
      "resolved": "https://registry.npmjs.org/react/-/react-19.3.0.tgz",
      "integrity": "sha512-E8LUcbtBWt20bbl2YoHfx4ZDBdxVTfOKtCZn9cDSJ4l6/nuoApcpIBcj47t2wZoVX8g2ZHuMHbiShgCR1T5Sog==",
      "license": "MIT",
      "engines": {
        "node": ">=0.10.0"
      }
    },
    "node_modules/react-dom": {
      "version": "19.3.0",
      "resolved": "https://registry.npmjs.org/react-dom/-/react-dom-19.3.0.tgz",
      "integrity": "sha512-JDk8dgif51OjFoDE70+OT9ICyYr+69HlmihNwp1+Nsfbna3t5sIiCa9ZJktDmQ4/1b/rn26hIAR2uYXDMr5r0Q==",
      "license": "MIT",
      "dependencies": {
        "scheduler": "^0.28.0"
      },
      "peerDependencies": {
        "react": "^19.3.0"
      }
    },
    "node_modules/scheduler": {
      "version": "0.28.0",
      "resolved": "https://registry.npmjs.org/scheduler/-/scheduler-0.28.0.tgz",
      "integrity": "sha512-juorfCmIkIw8tT+p5BXSm6PJjQF/ycEYmKyzURCIt/RaZIhL+PulbQ9Yu2z1HdOJDdqDTlxA1+xKBmHXJsczAw==",
      "license": "MIT"
    },
    "node_modules/tabbable": {
      "version": "6.5.0",
      "resolved": "https://registry.npmjs.org/tabbable/-/tabbable-6.5.0.tgz",
      "integrity": "sha512-wieBHXygIm7OyQOu5hQlkk62/WyCFYGlWg7L6/ZCUZwx0o398Zkn4pVmMyfYhfMG8kGrj/Krt8eIk6UKC6VzwA==",
      "license": "MIT"
    },
    "node_modules/yjs": {
      "version": "13.6.33",
      "resolved": "https://registry.npmjs.org/yjs/-/yjs-13.6.33.tgz",
      "integrity": "sha512-q/UYvr1gOk4XII+Cu1CW2dINjYqJJFifTzogEaIARznrvX7uOlHsdTEXcnOBMuIsrCGEEKdNxi74kyMLZlKVfw==",
      "license": "MIT",
      "peer": true,
      "dependencies": {
        "lib0": "^0.2.99"
      },
      "engines": {
        "node": ">=16.0.0",
        "npm": ">=8.0.0"
      },
      "funding": {
        "type": "GitHub Sponsors ❤",
        "url": "https://github.com/sponsors/dmonad"
      }
    }
  }
}
